
Microsoft Visual Studio Solution File, Format Version 12.00
# Visual Studio Version 16
VisualStudioVersion = 16.0.30503.244
MinimumVisualStudioVersion = 15.0.26124.0
Project("{9A19103F-16F7-4668-BE54-9A1E7A4F7556}") = "Actio.Api", "src\Actio.Api\Actio.Api.csproj", "{E31522FE-57F7-40D7-8B55-54C87728A8BB}"
EndProject
Project("{9A19103F-16F7-4668-BE54-9A1E7A4F7556}") = "Actio.Common", "src\Actio.Common\Actio.Common.csproj", "{3DF7CB27-B56E-41A3-9426-175449B195C5}"
EndProject
Project("{9A19103F-16F7-4668-BE54-9A1E7A4F7556}") = "Actio.Services.Identity", "src\Actio.Services.Identity\Actio.Services.Identity.csproj", "{53A7F0A1-C9F1-4924-8C0F-435563E27E1E}"
EndProject
Project("{9A19103F-16F7-4668-BE54-9A1E7A4F7556}") = "Actio.Services.Activities", "src\Actio.Services.Activities\Actio.Services.Activities.csproj", "{8801715D-0A6E-4DB7-BD3E-50517FC742AF}"
EndProject
Global
	GlobalSection(SolutionConfigurationPlatforms) = preSolution
		Debug|Any CPU = Debug|Any CPU
		Debug|x64 = Debug|x64
		Debug|x86 = Debug|x86
		Release|Any CPU = Release|Any CPU
		Release|x64 = Release|x64
		Release|x86 = Release|x86
	EndGlobalSection
	GlobalSection(ProjectConfigurationPlatforms) = postSolution
		{E31522FE-57F7-40D7-8B55-54C87728A8BB}.Debug|Any CPU.ActiveCfg = Debug|Any CPU
		{E31522FE-57F7-40D7-8B55-54C87728A8BB}.Debug|Any CPU.Build.0 = Debug|Any CPU
		{E31522FE-57F7-40D7-8B55-54C87728A8BB}.Debug|x64.ActiveCfg = Debug|Any CPU
		{E31522FE-57F7-40D7-8B55-54C87728A8BB}.Debug|x64.Build.0 = Debug|Any CPU
		{E31522FE-57F7-40D7-8B55-54C87728A8BB}.Debug|x86.ActiveCfg = Debug|Any CPU
		{E31522FE-57F7-40D7-8B55-54C87728A8BB}.Debug|x86.Build.0 = Debug|Any CPU
		{E31522FE-57F7-40D7-8B55-54C87728A8BB}.Release|Any CPU.ActiveCfg = Release|Any CPU
		{E31522FE-57F7-40D7-8B55-54C87728A8BB}.Release|Any CPU.Build.0 = Release|Any CPU
		{E31522FE-57F7-40D7-8B55-54C87728A8BB}.Release|x64.ActiveCfg = Release|Any CPU
		{E31522FE-57F7-40D7-8B55-54C87728A8BB}.Release|x64.Build.0 = Release|Any CPU
		{E31522FE-57F7-40D7-8B55-54C87728A8BB}.Release|x86.ActiveCfg = Release|Any CPU
		{E31522FE-57F7-40D7-8B55-54C87728A8BB}.Release|x86.Build.0 = Release|Any CPU
		{3DF7CB27-B56E-41A3-9426-175449B195C5}.Debug|Any CPU.ActiveCfg = Debug|Any CPU
		{3DF7CB27-B56E-41A3-9426-175449B195C5}.Debug|Any CPU.Build.0 = Debug|Any CPU
		{3DF7CB27-B56E-41A3-9426-175449B195C5}.Debug|x64.ActiveCfg = Debug|Any CPU
		{3DF7CB27-B56E-41A3-9426-175449B195C5}.Debug|x64.Build.0 = Debug|Any CPU
		{3DF7CB27-B56E-41A3-9426-175449B195C5}.Debug|x86.ActiveCfg = Debug|Any CPU
		{3DF7CB27-B56E-41A3-9426-175449B195C5}.Debug|x86.Build.0 = Debug|Any CPU
		{3DF7CB27-B56E-41A3-9426-175449B195C5}.Release|Any CPU.ActiveCfg = Release|Any CPU
		{3DF7CB27-B56E-41A3-9426-175449B195C5}.Release|Any CPU.Build.0 = Release|Any CPU
		{3DF7CB27-B56E-41A3-9426-175449B195C5}.Release|x64.ActiveCfg = Release|Any CPU
		{3DF7CB27-B56E-41A3-9426-175449B195C5}.Release|x64.Build.0 = Release|Any CPU
		{3DF7CB27-B56E-41A3-9426-175449B195C5}.Release|x86.ActiveCfg = Release|Any CPU
		{3DF7CB27-B56E-41A3-9426-175449B195C5}.Release|x86.Build.0 = Release|Any CPU
		{53A7F0A1-C9F1-4924-8C0F-435563E27E1E}.Debug|Any CPU.ActiveCfg = Debug|Any CPU
		{53A7F0A1-C9F1-4924-8C0F-435563E27E1E}.Debug|Any CPU.Build.0 = Debug|Any CPU
		{53A7F0A1-C9F1-4924-8C0F-435563E27E1E}.Debug|x64.ActiveCfg = Debug|Any CPU
		{53A7F0A1-C9F1-4924-8C0F-435563E27E1E}.Debug|x64.Build.0 = Debug|Any CPU
		{53A7F0A1-C9F1-4924-8C0F-435563E27E1E}.Debug|x86.ActiveCfg = Debug|Any CPU
		{53A7F0A1-C9F1-4924-8C0F-435563E27E1E}.Debug|x86.Build.0 = Debug|Any CPU
		{53A7F0A1-C9F1-4924-8C0F-435563E27E1E}.Release|Any CPU.ActiveCfg = Release|Any CPU
		{53A7F0A1-C9F1-4924-8C0F-435563E27E1E}.Release|Any CPU.Build.0 = Release|Any CPU
		{53A7F0A1-C9F1-4924-8C0F-435563E27E1E}.Release|x64.ActiveCfg = Release|Any CPU
		{53A7F0A1-C9F1-4924-8C0F-435563E27E1E}.Release|x64.Build.0 = Release|Any CPU
		{53A7F0A1-C9F1-4924-8C0F-435563E27E1E}.Release|x86.ActiveCfg = Release|Any CPU
		{53A7F0A1-C9F1-4924-8C0F-435563E27E1E}.Release|x86.Build.0 = Release|Any CPU
		{8801715D-0A6E-4DB7-BD3E-50517FC742AF}.Debug|Any CPU.ActiveCfg = Debug|Any CPU
		{8801715D-0A6E-4DB7-BD3E-50517FC742AF}.Debug|Any CPU.Build.0 = Debug|Any CPU
		{8801715D-0A6E-4DB7-BD3E-50517FC742AF}.Debug|x64.ActiveCfg = Debug|Any CPU
		{8801715D-0A6E-4DB7-BD3E-50517FC742AF}.Debug|x64.Build.0 = Debug|Any CPU
		{8801715D-0A6E-4DB7-BD3E-50517FC742AF}.Debug|x86.ActiveCfg = Debug|Any CPU
		{8801715D-0A6E-4DB7-BD3E-50517FC742AF}.Debug|x86.Build.0 = Debug|Any CPU
		{8801715D-0A6E-4DB7-BD3E-50517FC742AF}.Release|Any CPU.ActiveCfg = Release|Any CPU
		{8801715D-0A6E-4DB7-BD3E-50517FC742AF}.Release|Any CPU.Build.0 = Release|Any CPU
		{8801715D-0A6E-4DB7-BD3E-50517FC742AF}.Release|x64.ActiveCfg = Release|Any CPU
		{8801715D-0A6E-4DB7-BD3E-50517FC742AF}.Release|x64.Build.0 = Release|Any CPU
		{8801715D-0A6E-4DB7-BD3E-50517FC742AF}.Release|x86.ActiveCfg = Release|Any CPU
		{8801715D-0A6E-4DB7-BD3E-50517FC742AF}.Release|x86.Build.0 = Release|Any CPU
	EndGlobalSection
	GlobalSection(SolutionProperties) = preSolution
		HideSolutionNode = FALSE
	EndGlobalSection
	GlobalSection(ExtensibilityGlobals) = postSolution
		SolutionGuid = {0731097C-63ED-44DB-B735-7831C9B9CF45}
	EndGlobalSection
EndGlobal
